{
  "name": "image-processing-engine",
  "version": "1.0.0",
  "lockfileVersion": 1,
  "requires": true,
  "dependencies": {
    "binary-file-lib": {
      "version": "git+ssh://git@github.com/luckydye/binary-file-lib.git#c05d05009fed0642fb55edfc7864031c2cafda1b",
      "from": "git+ssh://git@github.com/luckydye/binary-file-lib.git"
    },
    "photo-raw-lib": {
      "version": "git+ssh://git@github.com/luckydye/photo-raw-lib.git#9783d8f3fb94c626a9cfaeee1d709302ba67b9b8",
      "from": "git+ssh://git@github.com/luckydye/photo-raw-lib.git",
      "requires": {
        "binary-file-lib": "git+ssh://git@github.com/luckydye/binary-file-lib.git"
      }
    }
  }
}
